{
    "_readme": [
        "This file locks the dependencies of your project to a known state"
    ],
    "content-hash": "3e9b048d0a852e90c8845c43d2c884f1",
    "packages": [
        {
            "name": "laravel/framework",
            "version": "v11.0.0",
            "source": {
                "type": "git",
                "url": "https://github.com/laravel/framework.git",
                "reference": "v11.0.0"
            },
            "dist": {
                "type": "zip",
                "url": "https://github.com/laravel/framework/archive/refs/tags/v11.0.0.zip",
                "reference": "v11.0.0",
                "shasum": ""
            },
            "require": {
                "php": "^8.2"
            },
            "type": "library"
        },
        {
            "name": "laravel/tinker",
            "version": "v2.9.0",
            "source": {
                "type": "git",
                "url": "https://github.com/laravel/tinker.git",
                "reference": "v2.9.0"
            },
            "dist": {
                "type": "zip",
                "url": "https://github.com/laravel/tinker/archive/refs/tags/v2.9.0.zip",
                "reference": "v2.9.0",
                "shasum": ""
            },
            "require": {
                "php": "^8.2"
            },
            "type": "library"
        }
    ],
    "packages-dev": [],
    "aliases": [],
    "minimum-stability": "stable",
    "stability-flags": [],
    "prefer-stable": true,
    "prefer-lowest": false,
    "platform": {
        "php": "^8.2"
    },
    "platform-dev": {},
    "plugin-api-version": "2.6.0"
}
