{
    "_readme": [
        "This file locks the dependencies of your project to a known state"
    ],
    "content-hash": "845c4f69911e8dd4ad7e8bc6619b0df4",
    "packages": [],
    "packages-dev": [],
    "aliases": [],
    "minimum-stability": "stable",
    "stability-flags": [],
    "prefer-stable": true,
    "prefer-lowest": false,
    "platform": {
        "php": "^8.2"
    },
    "platform-dev": {},
    "plugin-api-version": "2.6.0"
}
