{
    "_readme": [
        "This file locks the dependencies of your project to a known state"
    ],
    "content-hash": "c018252fbbf5a8e0cb20e36ecaa93f77",
    "packages": [
        {
            "name": "laravel/framework",
            "version": "v11.0.0",
            "source": {
                "type": "git",
                "url": "https://github.com/laravel/framework.git",
                "reference": "6fa8770ee3b97b102ce0b9fa54817d12f13ff5ce"
            },
            "dist": {
                "type": "zip",
                "url": "https://api.github.com/repos/laravel/framework/zipball/6fa8770ee3b97b102ce0b9fa54817d12f13ff5ce",
                "reference": "6fa8770ee3b97b102ce0b9fa54817d12f13ff5ce",
                "shasum": ""
            },
            "require": {
                "php": "^8.2"
            },
            "type": "library"
        }
    ],
    "packages-dev": [],
    "aliases": [],
    "minimum-stability": "stable",
    "stability-flags": [],
    "prefer-stable": true,
    "prefer-lowest": false,
    "platform": {
        "php": "^8.2"
    },
    "platform-dev": {},
    "plugin-api-version": "2.6.0"
}
